// !$*UTF8*$!
{
	archiveVersion = 1;
	classes = {
	};
	objectVersion = 77;
	objects = {

/* Begin PBXBuildFile section */
		150E1C872DD29D2C004EDE9B /* FirebaseAnalytics in Frameworks */ = {isa = PBXBuildFile; productRef = 150E1C862DD29D2C004EDE9B /* FirebaseAnalytics */; };
		150E1C892DD29D33004EDE9B /* FirebaseCore in Frameworks */ = {isa = PBXBuildFile; productRef = 150E1C882DD29D33004EDE9B /* FirebaseCore */; };
		150E1C8B2DD29D47004EDE9B /* FirebaseAuth in Frameworks */ = {isa = PBXBuildFile; productRef = 150E1C8A2DD29D47004EDE9B /* FirebaseAuth */; };
		150E1C8D2DD29D4F004EDE9B /* FirebaseFirestore in Frameworks */ = {isa = PBXBuildFile; productRef = 150E1C8C2DD29D4F004EDE9B /* FirebaseFirestore */; };
		150E1C8F2DD29D60004EDE9B /* FirebaseStorage in Frameworks */ = {isa = PBXBuildFile; productRef = 150E1C8E2DD29D60004EDE9B /* FirebaseStorage */; };
/* End PBXBuildFile section */

/* Begin PBXContainerItemProxy section */
		158C5B4B2DD3EAE700602F75 /* PBXContainerItemProxy */ = {
			isa = PBXContainerItemProxy;
			containerPortal = 150E1B252DD29934004EDE9B /* Project object */;
			proxyType = 1;
			remoteGlobalIDString = 150E1B2C2DD29934004EDE9B;
			remoteInfo = "E-Bike Manager";
		};
		158C5B582DD3EB7F00602F75 /* PBXContainerItemProxy */ = {
			isa = PBXContainerItemProxy;
			containerPortal = 150E1B252DD29934004EDE9B /* Project object */;
			proxyType = 1;
			remoteGlobalIDString = 150E1B2C2DD29934004EDE9B;
			remoteInfo = "E-Bike Manager";
		};
/* End PBXContainerItemProxy section */

/* Begin PBXFileReference section */
		150E1B2D2DD29934004EDE9B /* E-Bike Manager.app */ = {isa = PBXFileReference; explicitFileType = wrapper.application; includeInIndex = 0; path = "E-Bike Manager.app"; sourceTree = BUILT_PRODUCTS_DIR; };
		158C5B472DD3EAE600602F75 /* E-Bike ManagerTests.xctest */ = {isa = PBXFileReference; explicitFileType = wrapper.cfbundle; includeInIndex = 0; path = "E-Bike ManagerTests.xctest"; sourceTree = BUILT_PRODUCTS_DIR; };
		158C5B542DD3EB7F00602F75 /* MyXCTest.xctest */ = {isa = PBXFileReference; explicitFileType = wrapper.cfbundle; includeInIndex = 0; path = MyXCTest.xctest; sourceTree = BUILT_PRODUCTS_DIR; };
/* End PBXFileReference section */

/* Begin PBXFileSystemSynchronizedRootGroup section */
		150E1B2F2DD29934004EDE9B /* E-Bike Manager */ = {
			isa = PBXFileSystemSynchronizedRootGroup;
			path = "E-Bike Manager";
			sourceTree = "<group>";
		};
		158C5B552DD3EB7F00602F75 /* MyXCTest */ = {
			isa = PBXFileSystemSynchronizedRootGroup;
			path = MyXCTest;
			sourceTree = "<group>";
		};
/* End PBXFileSystemSynchronizedRootGroup section */

/* Begin PBXFrameworksBuildPhase section */
		150E1B2A2DD29934004EDE9B /* Frameworks */ = {
			isa = PBXFrameworksBuildPhase;
			buildActionMask = 2147483647;
			files = (
				150E1C892DD29D33004EDE9B /* FirebaseCore in Frameworks */,
				150E1C8D2DD29D4F004EDE9B /* FirebaseFirestore in Frameworks */,
				150E1C8B2DD29D47004EDE9B /* FirebaseAuth in Frameworks */,
				150E1C8F2DD29D60004EDE9B /* FirebaseStorage in Frameworks */,
				150E1C872DD29D2C004EDE9B /* FirebaseAnalytics in Frameworks */,
			);
			runOnlyForDeploymentPostprocessing = 0;
		};
		158C5B442DD3EAE600602F75 /* Frameworks */ = {
			isa = PBXFrameworksBuildPhase;
			buildActionMask = 2147483647;
			files = (
			);
			runOnlyForDeploymentPostprocessing = 0;
		};
		158C5B512DD3EB7F00602F75 /* Frameworks */ = {
			isa = PBXFrameworksBuildPhase;
			buildActionMask = 2147483647;
			files = (
			);
			runOnlyForDeploymentPostprocessing = 0;
		};
/* End PBXFrameworksBuildPhase section */

/* Begin PBXGroup section */
		150E1B242DD29934004EDE9B = {
			isa = PBXGroup;
			children = (
				150E1B2F2DD29934004EDE9B /* E-Bike Manager */,
				158C5B552DD3EB7F00602F75 /* MyXCTest */,
				150E1C852DD29D2C004EDE9B /* Frameworks */,
				150E1B2E2DD29934004EDE9B /* Products */,
			);
			sourceTree = "<group>";
		};
		150E1B2E2DD29934004EDE9B /* Products */ = {
			isa = PBXGroup;
			children = (
				150E1B2D2DD29934004EDE9B /* E-Bike Manager.app */,
				158C5B472DD3EAE600602F75 /* E-Bike ManagerTests.xctest */,
				158C5B542DD3EB7F00602F75 /* MyXCTest.xctest */,
			);
			name = Products;
			sourceTree = "<group>";
		};
		150E1C852DD29D2C004EDE9B /* Frameworks */ = {
			isa = PBXGroup;
			children = (
			);
			name = Frameworks;
			sourceTree = "<group>";
		};
/* End PBXGroup section */

/* Begin PBXNativeTarget section */
		150E1B2C2DD29934004EDE9B /* E-Bike Manager */ = {
			isa = PBXNativeTarget;
			buildConfigurationList = 150E1B382DD29935004EDE9B /* Build configuration list for PBXNativeTarget "E-Bike Manager" */;
			buildPhases = (
				150E1B292DD29934004EDE9B /* Sources */,
				150E1B2A2DD29934004EDE9B /* Frameworks */,
				150E1B2B2DD29934004EDE9B /* Resources */,
			);
			buildRules = (
			);
			dependencies = (
			);
			fileSystemSynchronizedGroups = (
				150E1B2F2DD29934004EDE9B /* E-Bike Manager */,
			);
			name = "E-Bike Manager";
			packageProductDependencies = (
				150E1C862DD29D2C004EDE9B /* FirebaseAnalytics */,
				150E1C882DD29D33004EDE9B /* FirebaseCore */,
				150E1C8A2DD29D47004EDE9B /* FirebaseAuth */,
				150E1C8C2DD29D4F004EDE9B /* FirebaseFirestore */,
				150E1C8E2DD29D60004EDE9B /* FirebaseStorage */,
			);
			productName = "E-Bike Manager";
			productReference = 150E1B2D2DD29934004EDE9B /* E-Bike Manager.app */;
			productType = "com.apple.product-type.application";
		};
		158C5B462DD3EAE600602F75 /* E-Bike ManagerTests */ = {
			isa = PBXNativeTarget;
			buildConfigurationList = 158C5B4D2DD3EAE700602F75 /* Build configuration list for PBXNativeTarget "E-Bike ManagerTests" */;
			buildPhases = (
				158C5B432DD3EAE600602F75 /* Sources */,
				158C5B442DD3EAE600602F75 /* Frameworks */,
				158C5B452DD3EAE600602F75 /* Resources */,
			);
			buildRules = (
			);
			dependencies = (
				158C5B4C2DD3EAE700602F75 /* PBXTargetDependency */,
			);
			name = "E-Bike ManagerTests";
			packageProductDependencies = (
			);
			productName = "E-Bike ManagerTests";
			productReference = 158C5B472DD3EAE600602F75 /* E-Bike ManagerTests.xctest */;
			productType = "com.apple.product-type.bundle.unit-test";
		};
		158C5B532DD3EB7F00602F75 /* MyXCTest */ = {
			isa = PBXNativeTarget;
			buildConfigurationList = 158C5B5A2DD3EB7F00602F75 /* Build configuration list for PBXNativeTarget "MyXCTest" */;
			buildPhases = (
				158C5B502DD3EB7F00602F75 /* Sources */,
				158C5B512DD3EB7F00602F75 /* Frameworks */,
				158C5B522DD3EB7F00602F75 /* Resources */,
			);
			buildRules = (
			);
			dependencies = (
				158C5B592DD3EB7F00602F75 /* PBXTargetDependency */,
			);
			fileSystemSynchronizedGroups = (
				158C5B552DD3EB7F00602F75 /* MyXCTest */,
			);
			name = MyXCTest;
			packageProductDependencies = (
			);
			productName = MyXCTest;
			productReference = 158C5B542DD3EB7F00602F75 /* MyXCTest.xctest */;
			productType = "com.apple.product-type.bundle.unit-test";
		};
/* End PBXNativeTarget section */

/* Begin PBXProject section */
		150E1B252DD29934004EDE9B /* Project object */ = {
			isa = PBXProject;
			attributes = {
				BuildIndependentTargetsInParallel = 1;
				LastSwiftUpdateCheck = 1630;
				LastUpgradeCheck = 1630;
				TargetAttributes = {
					150E1B2C2DD29934004EDE9B = {
						CreatedOnToolsVersion = 16.3;
					};
					158C5B462DD3EAE600602F75 = {
						CreatedOnToolsVersion = 16.3;
						TestTargetID = 150E1B2C2DD29934004EDE9B;
					};
					158C5B532DD3EB7F00602F75 = {
						CreatedOnToolsVersion = 16.3;
						TestTargetID = 150E1B2C2DD29934004EDE9B;
					};
				};
			};
			buildConfigurationList = 150E1B282DD29934004EDE9B /* Build configuration list for PBXProject "E-Bike Manager" */;
			developmentRegion = en;
			hasScannedForEncodings = 0;
			knownRegions = (
				en,
				Base,
			);
			mainGroup = 150E1B242DD29934004EDE9B;
			minimizedProjectReferenceProxies = 1;
			packageReferences = (
				150E1B3D2DD29A7A004EDE9B /* XCRemoteSwiftPackageReference "firebase-ios-sdk" */,
			);
			preferredProjectObjectVersion = 77;
			productRefGroup = 150E1B2E2DD29934004EDE9B /* Products */;
			projectDirPath = "";
			projectRoot = "";
			targets = (
				150E1B2C2DD29934004EDE9B /* E-Bike Manager */,
				158C5B462DD3EAE600602F75 /* E-Bike ManagerTests */,
				158C5B532DD3EB7F00602F75 /* MyXCTest */,
			);
		};
/* End PBXProject section */

/* Begin PBXResourcesBuildPhase section */
		150E1B2B2DD29934004EDE9B /* Resources */ = {
			isa = PBXResourcesBuildPhase;
			buildActionMask = 2147483647;
			files = (
			);
			runOnlyForDeploymentPostprocessing = 0;
		};
		158C5B452DD3EAE600602F75 /* Resources */ = {
			isa = PBXResourcesBuildPhase;
			buildActionMask = 2147483647;
			files = (
			);
			runOnlyForDeploymentPostprocessing = 0;
		};
		158C5B522DD3EB7F00602F75 /* Resources */ = {
			isa = PBXResourcesBuildPhase;
			buildActionMask = 2147483647;
			files = (
			);
			runOnlyForDeploymentPostprocessing = 0;
		};
/* End PBXResourcesBuildPhase section */

/* Begin PBXSourcesBuildPhase section */
		150E1B292DD29934004EDE9B /* Sources */ = {
			isa = PBXSourcesBuildPhase;
			buildActionMask = 2147483647;
			files = (
			);
			runOnlyForDeploymentPostprocessing = 0;
		};
		158C5B432DD3EAE600602F75 /* Sources */ = {
			isa = PBXSourcesBuildPhase;
			buildActionMask = 2147483647;
			files = (
			);
			runOnlyForDeploymentPostprocessing = 0;
		};
		158C5B502DD3EB7F00602F75 /* Sources */ = {
			isa = PBXSourcesBuildPhase;
			buildActionMask = 2147483647;
			files = (
			);
			runOnlyForDeploymentPostprocessing = 0;
		};
/* End PBXSourcesBuildPhase section */

/* Begin PBXTargetDependency section */
		158C5B4C2DD3EAE700602F75 /* PBXTargetDependency */ = {
			isa = PBXTargetDependency;
			target = 150E1B2C2DD29934004EDE9B /* E-Bike Manager */;
			targetProxy = 158C5B4B2DD3EAE700602F75 /* PBXContainerItemProxy */;
		};
		158C5B592DD3EB7F00602F75 /* PBXTargetDependency */ = {
			isa = PBXTargetDependency;
			target = 150E1B2C2DD29934004EDE9B /* E-Bike Manager */;
			targetProxy = 158C5B582DD3EB7F00602F75 /* PBXContainerItemProxy */;
		};
/* End PBXTargetDependency section */

/* Begin XCBuildConfiguration section */
		150E1B362DD29935004EDE9B /* Debug */ = {
			isa = XCBuildConfiguration;
			buildSettings = {
				ALWAYS_SEARCH_USER_PATHS = NO;
				ASSETCATALOG_COMPILER_GENERATE_SWIFT_ASSET_SYMBOL_EXTENSIONS = YES;
				CLANG_ANALYZER_NONNULL = YES;
				CLANG_ANALYZER_NUMBER_OBJECT_CONVERSION = YES_AGGRESSIVE;
				CLANG_CXX_LANGUAGE_STANDARD = "gnu++20";
				CLANG_ENABLE_MODULES = YES;
				CLANG_ENABLE_OBJC_ARC = YES;
				CLANG_ENABLE_OBJC_WEAK = YES;
				CLANG_WARN_BLOCK_CAPTURE_AUTORELEASING = YES;
				CLANG_WARN_BOOL_CONVERSION = YES;
				CLANG_WARN_COMMA = YES;
				CLANG_WARN_CONSTANT_CONVERSION = YES;
				CLANG_WARN_DEPRECATED_OBJC_IMPLEMENTATIONS = YES;
				CLANG_WARN_DIRECT_OBJC_ISA_USAGE = YES_ERROR;
				CLANG_WARN_DOCUMENTATION_COMMENTS = YES;
				CLANG_WARN_EMPTY_BODY = YES;
				CLANG_WARN_ENUM_CONVERSION = YES;
				CLANG_WARN_INFINITE_RECURSION = YES;
				CLANG_WARN_INT_CONVERSION = YES;
				CLANG_WARN_NON_LITERAL_NULL_CONVERSION = YES;
				CLANG_WARN_OBJC_IMPLICIT_RETAIN_SELF = YES;
				CLANG_WARN_OBJC_LITERAL_CONVERSION = YES;
				CLANG_WARN_OBJC_ROOT_CLASS = YES_ERROR;
				CLANG_WARN_QUOTED_INCLUDE_IN_FRAMEWORK_HEADER = YES;
				CLANG_WARN_RANGE_LOOP_ANALYSIS = YES;
				CLANG_WARN_STRICT_PROTOTYPES = YES;
				CLANG_WARN_SUSPICIOUS_MOVE = YES;
				CLANG_WARN_UNGUARDED_AVAILABILITY = YES_AGGRESSIVE;
				CLANG_WARN_UNREACHABLE_CODE = YES;
				CLANG_WARN__DUPLICATE_METHOD_MATCH = YES;
				COPY_PHASE_STRIP = NO;
				DEBUG_INFORMATION_FORMAT = dwarf;
				ENABLE_STRICT_OBJC_MSGSEND = YES;
				ENABLE_TESTABILITY = YES;
				ENABLE_USER_SCRIPT_SANDBOXING = YES;
				GCC_C_LANGUAGE_STANDARD = gnu17;
				GCC_DYNAMIC_NO_PIC = NO;
				GCC_NO_COMMON_BLOCKS = YES;
				GCC_OPTIMIZATION_LEVEL = 0;
				GCC_PREPROCESSOR_DEFINITIONS = (
					"DEBUG=1",
					"$(inherited)",
				);
				GCC_WARN_64_TO_32_BIT_CONVERSION = YES;
				GCC_WARN_ABOUT_RETURN_TYPE = YES_ERROR;
				GCC_WARN_UNDECLARED_SELECTOR = YES;
				GCC_WARN_UNINITIALIZED_AUTOS = YES_AGGRESSIVE;
				GCC_WARN_UNUSED_FUNCTION = YES;
				GCC_WARN_UNUSED_VARIABLE = YES;
				IPHONEOS_DEPLOYMENT_TARGET = 18.4;
				LOCALIZATION_PREFERS_STRING_CATALOGS = YES;
				MTL_ENABLE_DEBUG_INFO = INCLUDE_SOURCE;
				MTL_FAST_MATH = YES;
				ONLY_ACTIVE_ARCH = YES;
				SDKROOT = iphoneos;
				SWIFT_ACTIVE_COMPILATION_CONDITIONS = "DEBUG $(inherited)";
				SWIFT_OPTIMIZATION_LEVEL = "-Onone";
			};
			name = Debug;
		};
		150E1B372DD29935004EDE9B /* Release */ = {
			isa = XCBuildConfiguration;
			buildSettings = {
				ALWAYS_SEARCH_USER_PATHS = NO;
				ASSETCATALOG_COMPILER_GENERATE_SWIFT_ASSET_SYMBOL_EXTENSIONS = YES;
				CLANG_ANALYZER_NONNULL = YES;
				CLANG_ANALYZER_NUMBER_OBJECT_CONVERSION = YES_AGGRESSIVE;
				CLANG_CXX_LANGUAGE_STANDARD = "gnu++20";
				CLANG_ENABLE_MODULES = YES;
				CLANG_ENABLE_OBJC_ARC = YES;
				CLANG_ENABLE_OBJC_WEAK = YES;
				CLANG_WARN_BLOCK_CAPTURE_AUTORELEASING = YES;
				CLANG_WARN_BOOL_CONVERSION = YES;
				CLANG_WARN_COMMA = YES;
				CLANG_WARN_CONSTANT_CONVERSION = YES;
				CLANG_WARN_DEPRECATED_OBJC_IMPLEMENTATIONS = YES;
				CLANG_WARN_DIRECT_OBJC_ISA_USAGE = YES_ERROR;
				CLANG_WARN_DOCUMENTATION_COMMENTS = YES;
				CLANG_WARN_EMPTY_BODY = YES;
				CLANG_WARN_ENUM_CONVERSION = YES;
				CLANG_WARN_INFINITE_RECURSION = YES;
				CLANG_WARN_INT_CONVERSION = YES;
				CLANG_WARN_NON_LITERAL_NULL_CONVERSION = YES;
				CLANG_WARN_OBJC_IMPLICIT_RETAIN_SELF = YES;
				CLANG_WARN_OBJC_LITERAL_CONVERSION = YES;
				CLANG_WARN_OBJC_ROOT_CLASS = YES_ERROR;
				CLANG_WARN_QUOTED_INCLUDE_IN_FRAMEWORK_HEADER = YES;
				CLANG_WARN_RANGE_LOOP_ANALYSIS = YES;
				CLANG_WARN_STRICT_PROTOTYPES = YES;
				CLANG_WARN_SUSPICIOUS_MOVE = YES;
				CLANG_WARN_UNGUARDED_AVAILABILITY = YES_AGGRESSIVE;
				CLANG_WARN_UNREACHABLE_CODE = YES;
				CLANG_WARN__DUPLICATE_METHOD_MATCH = YES;
				COPY_PHASE_STRIP = NO;
				DEBUG_INFORMATION_FORMAT = "dwarf-with-dsym";
				ENABLE_NS_ASSERTIONS = NO;
				ENABLE_STRICT_OBJC_MSGSEND = YES;
				ENABLE_USER_SCRIPT_SANDBOXING = YES;
				GCC_C_LANGUAGE_STANDARD = gnu17;
				GCC_NO_COMMON_BLOCKS = YES;
				GCC_WARN_64_TO_32_BIT_CONVERSION = YES;
				GCC_WARN_ABOUT_RETURN_TYPE = YES_ERROR;
				GCC_WARN_UNDECLARED_SELECTOR = YES;
				GCC_WARN_UNINITIALIZED_AUTOS = YES_AGGRESSIVE;
				GCC_WARN_UNUSED_FUNCTION = YES;
				GCC_WARN_UNUSED_VARIABLE = YES;
				IPHONEOS_DEPLOYMENT_TARGET = 18.4;
				LOCALIZATION_PREFERS_STRING_CATALOGS = YES;
				MTL_ENABLE_DEBUG_INFO = NO;
				MTL_FAST_MATH = YES;
				SDKROOT = iphoneos;
				SWIFT_COMPILATION_MODE = wholemodule;
				VALIDATE_PRODUCT = YES;
			};
			name = Release;
		};
		150E1B392DD29935004EDE9B /* Debug */ = {
			isa = XCBuildConfiguration;
			buildSettings = {
				ASSETCATALOG_COMPILER_APPICON_NAME = AppIcon;
				ASSETCATALOG_COMPILER_GLOBAL_ACCENT_COLOR_NAME = AccentColor;
				CODE_SIGN_STYLE = Automatic;
				CURRENT_PROJECT_VERSION = 1;
				ENABLE_PREVIEWS = YES;
				GENERATE_INFOPLIST_FILE = YES;
				INFOPLIST_KEY_UIApplicationSceneManifest_Generation = YES;
				INFOPLIST_KEY_UIApplicationSupportsIndirectInputEvents = YES;
				INFOPLIST_KEY_UILaunchScreen_Generation = YES;
				INFOPLIST_KEY_UISupportedInterfaceOrientations_iPad = "UIInterfaceOrientationPortrait UIInterfaceOrientationPortraitUpsideDown UIInterfaceOrientationLandscapeLeft UIInterfaceOrientationLandscapeRight";
				INFOPLIST_KEY_UISupportedInterfaceOrientations_iPhone = "UIInterfaceOrientationPortrait UIInterfaceOrientationLandscapeLeft UIInterfaceOrientationLandscapeRight";
				LD_RUNPATH_SEARCH_PATHS = (
					"$(inherited)",
					"@executable_path/Frameworks",
				);
				MARKETING_VERSION = 1.0;
				PRODUCT_BUNDLE_IDENTIFIER = "de.Maximsvid.E-Bike-Manager";
				PRODUCT_NAME = "$(TARGET_NAME)";
				SUPPORTED_PLATFORMS = "iphoneos iphonesimulator";
				SUPPORTS_MACCATALYST = NO;
				SUPPORTS_MAC_DESIGNED_FOR_IPHONE_IPAD = NO;
				SUPPORTS_XR_DESIGNED_FOR_IPHONE_IPAD = NO;
				SWIFT_EMIT_LOC_STRINGS = YES;
				SWIFT_VERSION = 5.0;
				TARGETED_DEVICE_FAMILY = 1;
			};
			name = Debug;
		};
		150E1B3A2DD29935004EDE9B /* Release */ = {
			isa = XCBuildConfiguration;
			buildSettings = {
				ASSETCATALOG_COMPILER_APPICON_NAME = AppIcon;
				ASSETCATALOG_COMPILER_GLOBAL_ACCENT_COLOR_NAME = AccentColor;
				CODE_SIGN_STYLE = Automatic;
				CURRENT_PROJECT_VERSION = 1;
				ENABLE_PREVIEWS = YES;
				GENERATE_INFOPLIST_FILE = YES;
				INFOPLIST_KEY_UIApplicationSceneManifest_Generation = YES;
				INFOPLIST_KEY_UIApplicationSupportsIndirectInputEvents = YES;
				INFOPLIST_KEY_UILaunchScreen_Generation = YES;
				INFOPLIST_KEY_UISupportedInterfaceOrientations_iPad = "UIInterfaceOrientationPortrait UIInterfaceOrientationPortraitUpsideDown UIInterfaceOrientationLandscapeLeft UIInterfaceOrientationLandscapeRight";
				INFOPLIST_KEY_UISupportedInterfaceOrientations_iPhone = "UIInterfaceOrientationPortrait UIInterfaceOrientationLandscapeLeft UIInterfaceOrientationLandscapeRight";
				LD_RUNPATH_SEARCH_PATHS = (
					"$(inherited)",
					"@executable_path/Frameworks",
				);
				MARKETING_VERSION = 1.0;
				PRODUCT_BUNDLE_IDENTIFIER = "de.Maximsvid.E-Bike-Manager";
				PRODUCT_NAME = "$(TARGET_NAME)";
				SUPPORTED_PLATFORMS = "iphoneos iphonesimulator";
				SUPPORTS_MACCATALYST = NO;
				SUPPORTS_MAC_DESIGNED_FOR_IPHONE_IPAD = NO;
				SUPPORTS_XR_DESIGNED_FOR_IPHONE_IPAD = NO;
				SWIFT_EMIT_LOC_STRINGS = YES;
				SWIFT_VERSION = 5.0;
				TARGETED_DEVICE_FAMILY = 1;
			};
			name = Release;
		};
		158C5B4E2DD3EAE700602F75 /* Debug */ = {
			isa = XCBuildConfiguration;
			buildSettings = {
				BUNDLE_LOADER = "$(TEST_HOST)";
				CODE_SIGN_STYLE = Automatic;
				CURRENT_PROJECT_VERSION = 1;
				GENERATE_INFOPLIST_FILE = YES;
				MARKETING_VERSION = 1.0;
				PRODUCT_BUNDLE_IDENTIFIER = "de.Maximsvid.E-Bike-ManagerTests";
				PRODUCT_NAME = "$(TARGET_NAME)";
				SWIFT_EMIT_LOC_STRINGS = NO;
				SWIFT_VERSION = 5.0;
				TARGETED_DEVICE_FAMILY = "1,2";
				TEST_HOST = "$(BUILT_PRODUCTS_DIR)/E-Bike Manager.app/$(BUNDLE_EXECUTABLE_FOLDER_PATH)/E-Bike Manager";
			};
			name = Debug;
		};
		158C5B4F2DD3EAE700602F75 /* Release */ = {
			isa = XCBuildConfiguration;
			buildSettings = {
				BUNDLE_LOADER = "$(TEST_HOST)";
				CODE_SIGN_STYLE = Automatic;
				CURRENT_PROJECT_VERSION = 1;
				GENERATE_INFOPLIST_FILE = YES;
				MARKETING_VERSION = 1.0;
				PRODUCT_BUNDLE_IDENTIFIER = "de.Maximsvid.E-Bike-ManagerTests";
				PRODUCT_NAME = "$(TARGET_NAME)";
				SWIFT_EMIT_LOC_STRINGS = NO;
				SWIFT_VERSION = 5.0;
				TARGETED_DEVICE_FAMILY = "1,2";
				TEST_HOST = "$(BUILT_PRODUCTS_DIR)/E-Bike Manager.app/$(BUNDLE_EXECUTABLE_FOLDER_PATH)/E-Bike Manager";
			};
			name = Release;
		};
		158C5B5B2DD3EB7F00602F75 /* Debug */ = {
			isa = XCBuildConfiguration;
			buildSettings = {
				BUNDLE_LOADER = "$(TEST_HOST)";
				CODE_SIGN_STYLE = Automatic;
				CURRENT_PROJECT_VERSION = 1;
				GENERATE_INFOPLIST_FILE = YES;
				MARKETING_VERSION = 1.0;
				PRODUCT_BUNDLE_IDENTIFIER = de.Maximsvid.MyXCTest;
				PRODUCT_NAME = "$(TARGET_NAME)";
				SWIFT_EMIT_LOC_STRINGS = NO;
				SWIFT_VERSION = 5.0;
				TARGETED_DEVICE_FAMILY = "1,2";
				TEST_HOST = "$(BUILT_PRODUCTS_DIR)/E-Bike Manager.app/$(BUNDLE_EXECUTABLE_FOLDER_PATH)/E-Bike Manager";
			};
			name = Debug;
		};
		158C5B5C2DD3EB7F00602F75 /* Release */ = {
			isa = XCBuildConfiguration;
			buildSettings = {
				BUNDLE_LOADER = "$(TEST_HOST)";
				CODE_SIGN_STYLE = Automatic;
				CURRENT_PROJECT_VERSION = 1;
				GENERATE_INFOPLIST_FILE = YES;
				MARKETING_VERSION = 1.0;
				PRODUCT_BUNDLE_IDENTIFIER = de.Maximsvid.MyXCTest;
				PRODUCT_NAME = "$(TARGET_NAME)";
				SWIFT_EMIT_LOC_STRINGS = NO;
				SWIFT_VERSION = 5.0;
				TARGETED_DEVICE_FAMILY = "1,2";
				TEST_HOST = "$(BUILT_PRODUCTS_DIR)/E-Bike Manager.app/$(BUNDLE_EXECUTABLE_FOLDER_PATH)/E-Bike Manager";
			};
			name = Release;
		};
/* End XCBuildConfiguration section */

/* Begin XCConfigurationList section */
		150E1B282DD29934004EDE9B /* Build configuration list for PBXProject "E-Bike Manager" */ = {
			isa = XCConfigurationList;
			buildConfigurations = (
				150E1B362DD29935004EDE9B /* Debug */,
				150E1B372DD29935004EDE9B /* Release */,
			);
			defaultConfigurationIsVisible = 0;
			defaultConfigurationName = Release;
		};
		150E1B382DD29935004EDE9B /* Build configuration list for PBXNativeTarget "E-Bike Manager" */ = {
			isa = XCConfigurationList;
			buildConfigurations = (
				150E1B392DD29935004EDE9B /* Debug */,
				150E1B3A2DD29935004EDE9B /* Release */,
			);
			defaultConfigurationIsVisible = 0;
			defaultConfigurationName = Release;
		};
		158C5B4D2DD3EAE700602F75 /* Build configuration list for PBXNativeTarget "E-Bike ManagerTests" */ = {
			isa = XCConfigurationList;
			buildConfigurations = (
				158C5B4E2DD3EAE700602F75 /* Debug */,
				158C5B4F2DD3EAE700602F75 /* Release */,
			);
			defaultConfigurationIsVisible = 0;
			defaultConfigurationName = Release;
		};
		158C5B5A2DD3EB7F00602F75 /* Build configuration list for PBXNativeTarget "MyXCTest" */ = {
			isa = XCConfigurationList;
			buildConfigurations = (
				158C5B5B2DD3EB7F00602F75 /* Debug */,
				158C5B5C2DD3EB7F00602F75 /* Release */,
			);
			defaultConfigurationIsVisible = 0;
			defaultConfigurationName = Release;
		};
/* End XCConfigurationList section */

/* Begin XCRemoteSwiftPackageReference section */
		150E1B3D2DD29A7A004EDE9B /* XCRemoteSwiftPackageReference "firebase-ios-sdk" */ = {
			isa = XCRemoteSwiftPackageReference;
			repositoryURL = "https://github.com/firebase/firebase-ios-sdk";
			requirement = {
				kind = upToNextMajorVersion;
				minimumVersion = 11.12.0;
			};
		};
/* End XCRemoteSwiftPackageReference section */

/* Begin XCSwiftPackageProductDependency section */
		150E1C862DD29D2C004EDE9B /* FirebaseAnalytics */ = {
			isa = XCSwiftPackageProductDependency;
			package = 150E1B3D2DD29A7A004EDE9B /* XCRemoteSwiftPackageReference "firebase-ios-sdk" */;
			productName = FirebaseAnalytics;
		};
		150E1C882DD29D33004EDE9B /* FirebaseCore */ = {
			isa = XCSwiftPackageProductDependency;
			package = 150E1B3D2DD29A7A004EDE9B /* XCRemoteSwiftPackageReference "firebase-ios-sdk" */;
			productName = FirebaseCore;
		};
		150E1C8A2DD29D47004EDE9B /* FirebaseAuth */ = {
			isa = XCSwiftPackageProductDependency;
			package = 150E1B3D2DD29A7A004EDE9B /* XCRemoteSwiftPackageReference "firebase-ios-sdk" */;
			productName = FirebaseAuth;
		};
		150E1C8C2DD29D4F004EDE9B /* FirebaseFirestore */ = {
			isa = XCSwiftPackageProductDependency;
			package = 150E1B3D2DD29A7A004EDE9B /* XCRemoteSwiftPackageReference "firebase-ios-sdk" */;
			productName = FirebaseFirestore;
		};
		150E1C8E2DD29D60004EDE9B /* FirebaseStorage */ = {
			isa = XCSwiftPackageProductDependency;
			package = 150E1B3D2DD29A7A004EDE9B /* XCRemoteSwiftPackageReference "firebase-ios-sdk" */;
			productName = FirebaseStorage;
		};
/* End XCSwiftPackageProductDependency section */
	};
	rootObject = 150E1B252DD29934004EDE9B /* Project object */;
}
